
Microsoft Visual Studio Solution File, Format Version 12.00
# Visual Studio Version 17
VisualStudioVersion = 17.7.34024.191
MinimumVisualStudioVersion = 10.0.40219.1
Project("{FAE04EC0-301F-11D3-BF4B-00C04F79EFBC}") = "EducationalPractice", "EducationalPractice\EducationalPractice.csproj", "{21A267CB-1D13-427D-B7BE-3986B1B972F9}"
EndProject
Global
	GlobalSection(SolutionConfigurationPlatforms) = preSolution
		Debug|Any CPU = Debug|Any CPU
		Release|Any CPU = Release|Any CPU
	EndGlobalSection
	GlobalSection(ProjectConfigurationPlatforms) = postSolution
		{21A267CB-1D13-427D-B7BE-3986B1B972F9}.Debug|Any CPU.ActiveCfg = Debug|Any CPU
		{21A267CB-1D13-427D-B7BE-3986B1B972F9}.Debug|Any CPU.Build.0 = Debug|Any CPU
		{21A267CB-1D13-427D-B7BE-3986B1B972F9}.Release|Any CPU.ActiveCfg = Release|Any CPU
		{21A267CB-1D13-427D-B7BE-3986B1B972F9}.Release|Any CPU.Build.0 = Release|Any CPU
	EndGlobalSection
	GlobalSection(SolutionProperties) = preSolution
		HideSolutionNode = FALSE
	EndGlobalSection
	GlobalSection(ExtensibilityGlobals) = postSolution
		SolutionGuid = {4F9A847F-FACB-4C11-843D-787AEE0655EC}
	EndGlobalSection
EndGlobal
